Microsoft Visual Studio Solution File, Format Version 11.00
# Visual Studio 2010
Project("{FAE04EC0-301F-11D3-BF4B-00C04F79EFBC}") = "dumper", "VS2010_x64\dumper.vbproj", "{8E2B73B6-541C-422A-922C-77F901356407}"
EndProject
Project("{FAE04EC0-301F-11D3-BF4B-00C04F79EFBC}") = "extractor", "VS2010_x64\extractor.vbproj", "{8AB5D631-66F2-488A-9F73-6E18D6CBDA96}"
EndProject
Project("{FAE04EC0-301F-11D3-BF4B-00C04F79EFBC}") = "images_per_page", "VS2010_x64\images_per_page.vbproj", "{2B8FEE76-39E6-48C0-BCEA-1297AA28BE6B}"
EndProject
Project("{FAE04EC0-301F-11D3-BF4B-00C04F79EFBC}") = "fontfilter", "VS2010_x64\fontfilter.vbproj", "{7C63DEF1-DB3B-4B96-8D7E-015CBD5335AE}"
EndProject
Project("{FAE04EC0-301F-11D3-BF4B-00C04F79EFBC}") = "get_attachments", "VS2010_x64\get_attachments.vbproj", "{7C63DEF1-DB3B-4B96-8D7E-015CBD5335AE}"
EndProject
Project("{FAE04EC0-301F-11D3-BF4B-00C04F79EFBC}") = "glyphinfo", "VS2010_x64\glyphinfo.vbproj", "{895CC590-62D0-499D-8AFC-8DF86A18A372}"
EndProject
Project("{FAE04EC0-301F-11D3-BF4B-00C04F79EFBC}") = "image_resources", "VS2010_x64\image_resources.vbproj", "{C7EA35CB-59C1-4A76-A98F-2088D8A33912}"
EndProject
Project("{FAE04EC0-301F-11D3-BF4B-00C04F79EFBC}") = "tetml", "VS2010_x64\tetml.vbproj", "{28A18EFD-AABC-4CC9-88A0-46CDFB8DDAF0}"
EndProject
Global
	GlobalSection(SolutionConfigurationPlatforms) = preSolution
		Debug|x64 = Debug|x64
		Release|x64 = Release|x64
	EndGlobalSection
	GlobalSection(ProjectConfigurationPlatforms) = postSolution
		{8E2B73B6-541C-422A-922C-77F901356407}.Debug|x64.ActiveCfg = Debug|x64
		{8E2B73B6-541C-422A-922C-77F901356407}.Debug|x64.Build.0 = Debug|x64
		{8E2B73B6-541C-422A-922C-77F901356407}.Release|x64.ActiveCfg = Release|x64
		{8E2B73B6-541C-422A-922C-77F901356407}.Release|x64.Build.0 = Release|x64
		{8AB5D631-66F2-488A-9F73-6E18D6CBDA96}.Debug|x64.ActiveCfg = Debug|x64
		{8AB5D631-66F2-488A-9F73-6E18D6CBDA96}.Debug|x64.Build.0 = Debug|x64
		{8AB5D631-66F2-488A-9F73-6E18D6CBDA96}.Release|x64.ActiveCfg = Release|x64
		{8AB5D631-66F2-488A-9F73-6E18D6CBDA96}.Release|x64.Build.0 = Release|x64
		{2B8FEE76-39E6-48C0-BCEA-1297AA28BE6B}.Debug|x64.ActiveCfg = Debug|x64
		{2B8FEE76-39E6-48C0-BCEA-1297AA28BE6B}.Debug|x64.Build.0 = Debug|x64
		{2B8FEE76-39E6-48C0-BCEA-1297AA28BE6B}.Release|x64.ActiveCfg = Release|x64
		{2B8FEE76-39E6-48C0-BCEA-1297AA28BE6B}.Release|x64.Build.0 = Release|x64
		{7C63DEF1-DB3B-4B96-8D7E-015CBD5335AE}.Debug|x64.ActiveCfg = Debug|x64
		{7C63DEF1-DB3B-4B96-8D7E-015CBD5335AE}.Debug|x64.Build.0 = Debug|x64
		{7C63DEF1-DB3B-4B96-8D7E-015CBD5335AE}.Release|x64.ActiveCfg = Release|x64
		{7C63DEF1-DB3B-4B96-8D7E-015CBD5335AE}.Release|x64.Build.0 = Release|x64
		{895CC590-62D0-499D-8AFC-8DF86A18A372}.Debug|x64.ActiveCfg = Debug|x64
		{895CC590-62D0-499D-8AFC-8DF86A18A372}.Debug|x64.Build.0 = Debug|x64
		{895CC590-62D0-499D-8AFC-8DF86A18A372}.Release|x64.ActiveCfg = Release|x64
		{895CC590-62D0-499D-8AFC-8DF86A18A372}.Release|x64.Build.0 = Release|x64
		{C7EA35CB-59C1-4A76-A98F-2088D8A33912}.Debug|x64.ActiveCfg = Debug|x64
		{C7EA35CB-59C1-4A76-A98F-2088D8A33912}.Debug|x64.Build.0 = Debug|x64
		{C7EA35CB-59C1-4A76-A98F-2088D8A33912}.Release|x64.ActiveCfg = Release|x64
		{C7EA35CB-59C1-4A76-A98F-2088D8A33912}.Release|x64.Build.0 = Release|x64
		{28A18EFD-AABC-4CC9-88A0-46CDFB8DDAF0}.Debug|x64.ActiveCfg = Debug|x64
		{28A18EFD-AABC-4CC9-88A0-46CDFB8DDAF0}.Debug|x64.Build.0 = Debug|x64
		{28A18EFD-AABC-4CC9-88A0-46CDFB8DDAF0}.Release|x64.ActiveCfg = Release|x64
		{28A18EFD-AABC-4CC9-88A0-46CDFB8DDAF0}.Release|x64.Build.0 = Release|x64
	EndGlobalSection
	GlobalSection(SolutionProperties) = preSolution
		HideSolutionNode = FALSE
	EndGlobalSection
EndGlobal
