Microsoft Visual Studio Solution File, Format Version 11.00
# Visual Studio 2010
Project("{FAE04EC0-301F-11D3-BF4B-00C04F79EFBC}") = "dumper", "VS2010_x64\dumper.csproj", "{89F9107C-1873-41CB-A4B7-FFC61119E975}"
EndProject
Project("{FAE04EC0-301F-11D3-BF4B-00C04F79EFBC}") = "extractor", "VS2010_x64\extractor.csproj", "{8AB5D631-66F2-488A-9F73-6E18D6CBDA96}"
EndProject
Project("{FAE04EC0-301F-11D3-BF4B-00C04F79EFBC}") = "images_per_page", "VS2010_x64\images_per_page.csproj", "{952076D6-4845-45E3-96CE-D86F6F7D7B16}"
EndProject
Project("{FAE04EC0-301F-11D3-BF4B-00C04F79EFBC}") = "fontfilter", "VS2010_x64\fontfilter.csproj", "{7C63DEF1-DB3B-4B96-8D7E-015CBD5335AE}"
EndProject
Project("{FAE04EC0-301F-11D3-BF4B-00C04F79EFBC}") = "get_attachments", "VS2010_x64\get_attachments.csproj", "{7C63DEF1-DB3B-4B96-8D7E-015CBD5335AE}"
EndProject
Project("{FAE04EC0-301F-11D3-BF4B-00C04F79EFBC}") = "glyphinfo", "VS2010_x64\glyphinfo.csproj", "{895CC590-62D0-499D-8AFC-8DF86A18A372}"
EndProject
Project("{FAE04EC0-301F-11D3-BF4B-00C04F79EFBC}") = "image_resources", "VS2010_x64\image_resources.csproj", "{604F6191-3601-4EFF-B235-F93367FE9DF8}"
EndProject
Project("{FAE04EC0-301F-11D3-BF4B-00C04F79EFBC}") = "tetml", "VS2010_x64\tetml.csproj", "{28A18EFD-AABC-4CC9-88A0-46CDFB8DDAF0}"
EndProject
Global
	GlobalSection(SolutionConfigurationPlatforms) = preSolution
		Debug|x64 = Debug|x64
		Release|x64 = Release|x64
	EndGlobalSection
	GlobalSection(ProjectConfigurationPlatforms) = postSolution
		{89F9107C-1873-41CB-A4B7-FFC61119E975}.Debug|x64.ActiveCfg = Debug|x64
		{89F9107C-1873-41CB-A4B7-FFC61119E975}.Debug|x64.Build.0 = Debug|x64
		{89F9107C-1873-41CB-A4B7-FFC61119E975}.Release|x64.ActiveCfg = Release|x64
		{89F9107C-1873-41CB-A4B7-FFC61119E975}.Release|x64.Build.0 = Release|x64
		{8AB5D631-66F2-488A-9F73-6E18D6CBDA96}.Debug|x64.ActiveCfg = Debug|x64
		{8AB5D631-66F2-488A-9F73-6E18D6CBDA96}.Debug|x64.Build.0 = Debug|x64
		{8AB5D631-66F2-488A-9F73-6E18D6CBDA96}.Release|x64.ActiveCfg = Release|x64
		{8AB5D631-66F2-488A-9F73-6E18D6CBDA96}.Release|x64.Build.0 = Release|x64
		{952076D6-4845-45E3-96CE-D86F6F7D7B16}.Debug|x64.ActiveCfg = Debug|x64
		{952076D6-4845-45E3-96CE-D86F6F7D7B16}.Debug|x64.Build.0 = Debug|x64
		{952076D6-4845-45E3-96CE-D86F6F7D7B16}.Release|x64.ActiveCfg = Release|x64
		{952076D6-4845-45E3-96CE-D86F6F7D7B16}.Release|x64.Build.0 = Release|x64
		{7C63DEF1-DB3B-4B96-8D7E-015CBD5335AE}.Debug|x64.ActiveCfg = Debug|x64
		{7C63DEF1-DB3B-4B96-8D7E-015CBD5335AE}.Debug|x64.Build.0 = Debug|x64
		{7C63DEF1-DB3B-4B96-8D7E-015CBD5335AE}.Release|x64.ActiveCfg = Release|x64
		{7C63DEF1-DB3B-4B96-8D7E-015CBD5335AE}.Release|x64.Build.0 = Release|x64
		{895CC590-62D0-499D-8AFC-8DF86A18A372}.Debug|x64.ActiveCfg = Debug|x64
		{895CC590-62D0-499D-8AFC-8DF86A18A372}.Debug|x64.Build.0 = Debug|x64
		{895CC590-62D0-499D-8AFC-8DF86A18A372}.Release|x64.ActiveCfg = Release|x64
		{895CC590-62D0-499D-8AFC-8DF86A18A372}.Release|x64.Build.0 = Release|x64
		{604F6191-3601-4EFF-B235-F93367FE9DF8}.Debug|x64.ActiveCfg = Debug|x64
		{604F6191-3601-4EFF-B235-F93367FE9DF8}.Debug|x64.Build.0 = Debug|x64
		{604F6191-3601-4EFF-B235-F93367FE9DF8}.Release|x64.ActiveCfg = Release|x64
		{604F6191-3601-4EFF-B235-F93367FE9DF8}.Release|x64.Build.0 = Release|x64
		{28A18EFD-AABC-4CC9-88A0-46CDFB8DDAF0}.Debug|x64.ActiveCfg = Debug|x64
		{28A18EFD-AABC-4CC9-88A0-46CDFB8DDAF0}.Debug|x64.Build.0 = Debug|x64
		{28A18EFD-AABC-4CC9-88A0-46CDFB8DDAF0}.Release|x64.ActiveCfg = Release|x64
		{28A18EFD-AABC-4CC9-88A0-46CDFB8DDAF0}.Release|x64.Build.0 = Release|x64
	EndGlobalSection
	GlobalSection(SolutionProperties) = preSolution
		HideSolutionNode = FALSE
	EndGlobalSection
EndGlobal
